// !$*UTF8*$!
{
	archiveVersion = 1;
	classes = {
	};
	objectVersion = 55;
	objects = {

/* Begin PBXBuildFile section */
		7F46B369277CF0760060C174 /* BucketsApp.swift in Sources */ = {isa = PBXBuildFile; fileRef = 7F46B359277CF0740060C174 /* BucketsApp.swift */; };
		7F46B36A277CF0760060C174 /* BucketsApp.swift in Sources */ = {isa = PBXBuildFile; fileRef = 7F46B359277CF0740060C174 /* BucketsApp.swift */; };
		7F46B36B277CF0760060C174 /* ContentView.swift in Sources */ = {isa = PBXBuildFile; fileRef = 7F46B35A277CF0740060C174 /* ContentView.swift */; };
		7F46B36C277CF0760060C174 /* ContentView.swift in Sources */ = {isa = PBXBuildFile; fileRef = 7F46B35A277CF0740060C174 /* ContentView.swift */; };
		7F46B36D277CF0760060C174 /* Assets.xcassets in Resources */ = {isa = PBXBuildFile; fileRef = 7F46B35B277CF0760060C174 /* Assets.xcassets */; };
		7F46B36E277CF0760060C174 /* Assets.xcassets in Resources */ = {isa = PBXBuildFile; fileRef = 7F46B35B277CF0760060C174 /* Assets.xcassets */; };
		7F46B379277CF5A60060C174 /* Bucket.swift in Sources */ = {isa = PBXBuildFile; fileRef = 7F46B378277CF5A60060C174 /* Bucket.swift */; };
		7F46B37B277CF69E0060C174 /* Idea.swift in Sources */ = {isa = PBXBuildFile; fileRef = 7F46B37A277CF69E0060C174 /* Idea.swift */; };
		7F46B37D277CF7540060C174 /* Cluster.swift in Sources */ = {isa = PBXBuildFile; fileRef = 7F46B37C277CF7540060C174 /* Cluster.swift */; };
		7F46B380277CF9610060C174 /* CreateClusterView.swift in Sources */ = {isa = PBXBuildFile; fileRef = 7F46B37F277CF9610060C174 /* CreateClusterView.swift */; };
		7F46B383277CF9B40060C174 /* CreateClusterViewModel.swift in Sources */ = {isa = PBXBuildFile; fileRef = 7F46B382277CF9B40060C174 /* CreateClusterViewModel.swift */; };
		7F46B386277D08E70060C174 /* HomeViewModel.swift in Sources */ = {isa = PBXBuildFile; fileRef = 7F46B385277D08E70060C174 /* HomeViewModel.swift */; };
		7F46B389277D09980060C174 /* BucketDataManager.swift in Sources */ = {isa = PBXBuildFile; fileRef = 7F46B388277D09980060C174 /* BucketDataManager.swift */; };
		7F46B38B277D09D30060C174 /* MockBucketDataManager.swift in Sources */ = {isa = PBXBuildFile; fileRef = 7F46B38A277D09D30060C174 /* MockBucketDataManager.swift */; };
		7F46B38D277D0B460060C174 /* JSONBucketDataManager.swift in Sources */ = {isa = PBXBuildFile; fileRef = 7F46B38C277D0B460060C174 /* JSONBucketDataManager.swift */; };
		7F46B390277E8ACD0060C174 /* ViewClusterView.swift in Sources */ = {isa = PBXBuildFile; fileRef = 7F46B38F277E8ACD0060C174 /* ViewClusterView.swift */; };
		7F46B392277E8AFA0060C174 /* ViewClusterViewModel.swift in Sources */ = {isa = PBXBuildFile; fileRef = 7F46B391277E8AFA0060C174 /* ViewClusterViewModel.swift */; };
		7F46B394277E8B7E0060C174 /* MockData.swift in Sources */ = {isa = PBXBuildFile; fileRef = 7F46B393277E8B7E0060C174 /* MockData.swift */; };
		7F46B396277F85A50060C174 /* BucketPreviewView.swift in Sources */ = {isa = PBXBuildFile; fileRef = 7F46B395277F85A50060C174 /* BucketPreviewView.swift */; };
		7F46B399277F877D0060C174 /* String+Ext.swift in Sources */ = {isa = PBXBuildFile; fileRef = 7F46B398277F877D0060C174 /* String+Ext.swift */; };
		7F46B39C277F89D20060C174 /* Constants.swift in Sources */ = {isa = PBXBuildFile; fileRef = 7F46B39B277F89D20060C174 /* Constants.swift */; };
		7F46B39E27867E2A0060C174 /* View+Ext.swift in Sources */ = {isa = PBXBuildFile; fileRef = 7F46B39D27867E2A0060C174 /* View+Ext.swift */; };
		7F613D072787F3FF00BCFEE9 /* AddButtonView.swift in Sources */ = {isa = PBXBuildFile; fileRef = 7F613D062787F3FF00BCFEE9 /* AddButtonView.swift */; };
		7F613D092787F49000BCFEE9 /* NewBucketFormView.swift in Sources */ = {isa = PBXBuildFile; fileRef = 7F613D082787F49000BCFEE9 /* NewBucketFormView.swift */; };
/* End PBXBuildFile section */

/* Begin PBXFileReference section */
		7F46B359277CF0740060C174 /* BucketsApp.swift */ = {isa = PBXFileReference; lastKnownFileType = sourcecode.swift; path = BucketsApp.swift; sourceTree = "<group>"; };
		7F46B35A277CF0740060C174 /* ContentView.swift */ = {isa = PBXFileReference; lastKnownFileType = sourcecode.swift; path = ContentView.swift; sourceTree = "<group>"; };
		7F46B35B277CF0760060C174 /* Assets.xcassets */ = {isa = PBXFileReference; lastKnownFileType = folder.assetcatalog; path = Assets.xcassets; sourceTree = "<group>"; };
		7F46B360277CF0760060C174 /* Buckets.app */ = {isa = PBXFileReference; explicitFileType = wrapper.application; includeInIndex = 0; path = Buckets.app; sourceTree = BUILT_PRODUCTS_DIR; };
		7F46B366277CF0760060C174 /* Buckets.app */ = {isa = PBXFileReference; explicitFileType = wrapper.application; includeInIndex = 0; path = Buckets.app; sourceTree = BUILT_PRODUCTS_DIR; };
		7F46B368277CF0760060C174 /* macOS.entitlements */ = {isa = PBXFileReference; lastKnownFileType = text.plist.entitlements; path = macOS.entitlements; sourceTree = "<group>"; };
		7F46B378277CF5A60060C174 /* Bucket.swift */ = {isa = PBXFileReference; lastKnownFileType = sourcecode.swift; path = Bucket.swift; sourceTree = "<group>"; };
		7F46B37A277CF69E0060C174 /* Idea.swift */ = {isa = PBXFileReference; lastKnownFileType = sourcecode.swift; path = Idea.swift; sourceTree = "<group>"; };
		7F46B37C277CF7540060C174 /* Cluster.swift */ = {isa = PBXFileReference; lastKnownFileType = sourcecode.swift; path = Cluster.swift; sourceTree = "<group>"; };
		7F46B37F277CF9610060C174 /* CreateClusterView.swift */ = {isa = PBXFileReference; lastKnownFileType = sourcecode.swift; path = CreateClusterView.swift; sourceTree = "<group>"; };
		7F46B382277CF9B40060C174 /* CreateClusterViewModel.swift */ = {isa = PBXFileReference; lastKnownFileType = sourcecode.swift; path = CreateClusterViewModel.swift; sourceTree = "<group>"; };
		7F46B385277D08E70060C174 /* HomeViewModel.swift */ = {isa = PBXFileReference; lastKnownFileType = sourcecode.swift; path = HomeViewModel.swift; sourceTree = "<group>"; };
		7F46B388277D09980060C174 /* BucketDataManager.swift */ = {isa = PBXFileReference; lastKnownFileType = sourcecode.swift; path = BucketDataManager.swift; sourceTree = "<group>"; };
		7F46B38A277D09D30060C174 /* MockBucketDataManager.swift */ = {isa = PBXFileReference; lastKnownFileType = sourcecode.swift; path = MockBucketDataManager.swift; sourceTree = "<group>"; };
		7F46B38C277D0B460060C174 /* JSONBucketDataManager.swift */ = {isa = PBXFileReference; lastKnownFileType = sourcecode.swift; path = JSONBucketDataManager.swift; sourceTree = "<group>"; };
		7F46B38F277E8ACD0060C174 /* ViewClusterView.swift */ = {isa = PBXFileReference; lastKnownFileType = sourcecode.swift; path = ViewClusterView.swift; sourceTree = "<group>"; };
		7F46B391277E8AFA0060C174 /* ViewClusterViewModel.swift */ = {isa = PBXFileReference; lastKnownFileType = sourcecode.swift; path = ViewClusterViewModel.swift; sourceTree = "<group>"; };
		7F46B393277E8B7E0060C174 /* MockData.swift */ = {isa = PBXFileReference; lastKnownFileType = sourcecode.swift; path = MockData.swift; sourceTree = "<group>"; };
		7F46B395277F85A50060C174 /* BucketPreviewView.swift */ = {isa = PBXFileReference; lastKnownFileType = sourcecode.swift; path = BucketPreviewView.swift; sourceTree = "<group>"; };
		7F46B398277F877D0060C174 /* String+Ext.swift */ = {isa = PBXFileReference; lastKnownFileType = sourcecode.swift; path = "String+Ext.swift"; sourceTree = "<group>"; };
		7F46B39B277F89D20060C174 /* Constants.swift */ = {isa = PBXFileReference; lastKnownFileType = sourcecode.swift; path = Constants.swift; sourceTree = "<group>"; };
		7F46B39D27867E2A0060C174 /* View+Ext.swift */ = {isa = PBXFileReference; lastKnownFileType = sourcecode.swift; path = "View+Ext.swift"; sourceTree = "<group>"; };
		7F613D062787F3FF00BCFEE9 /* AddButtonView.swift */ = {isa = PBXFileReference; lastKnownFileType = sourcecode.swift; path = AddButtonView.swift; sourceTree = "<group>"; };
		7F613D082787F49000BCFEE9 /* NewBucketFormView.swift */ = {isa = PBXFileReference; lastKnownFileType = sourcecode.swift; path = NewBucketFormView.swift; sourceTree = "<group>"; };
/* End PBXFileReference section */

/* Begin PBXFrameworksBuildPhase section */
		7F46B35D277CF0760060C174 /* Frameworks */ = {
			isa = PBXFrameworksBuildPhase;
			buildActionMask = 2147483647;
			files = (
			);
			runOnlyForDeploymentPostprocessing = 0;
		};
		7F46B363277CF0760060C174 /* Frameworks */ = {
			isa = PBXFrameworksBuildPhase;
			buildActionMask = 2147483647;
			files = (
			);
			runOnlyForDeploymentPostprocessing = 0;
		};
/* End PBXFrameworksBuildPhase section */

/* Begin PBXGroup section */
		7F46B353277CF0740060C174 = {
			isa = PBXGroup;
			children = (
				7F46B358277CF0740060C174 /* Shared */,
				7F46B367277CF0760060C174 /* macOS */,
				7F46B361277CF0760060C174 /* Products */,
			);
			sourceTree = "<group>";
		};
		7F46B358277CF0740060C174 /* Shared */ = {
			isa = PBXGroup;
			children = (
				7F46B387277D095D0060C174 /* Utilities */,
				7F46B377277CF58D0060C174 /* Model */,
				7F46B37E277CF9440060C174 /* View */,
				7F46B359277CF0740060C174 /* BucketsApp.swift */,
				7F46B35B277CF0760060C174 /* Assets.xcassets */,
			);
			path = Shared;
			sourceTree = "<group>";
		};
		7F46B361277CF0760060C174 /* Products */ = {
			isa = PBXGroup;
			children = (
				7F46B360277CF0760060C174 /* Buckets.app */,
				7F46B366277CF0760060C174 /* Buckets.app */,
			);
			name = Products;
			sourceTree = "<group>";
		};
		7F46B367277CF0760060C174 /* macOS */ = {
			isa = PBXGroup;
			children = (
				7F46B368277CF0760060C174 /* macOS.entitlements */,
			);
			path = macOS;
			sourceTree = "<group>";
		};
		7F46B377277CF58D0060C174 /* Model */ = {
			isa = PBXGroup;
			children = (
				7F46B37C277CF7540060C174 /* Cluster.swift */,
				7F46B378277CF5A60060C174 /* Bucket.swift */,
				7F46B37A277CF69E0060C174 /* Idea.swift */,
				7F46B393277E8B7E0060C174 /* MockData.swift */,
			);
			path = Model;
			sourceTree = "<group>";
		};
		7F46B37E277CF9440060C174 /* View */ = {
			isa = PBXGroup;
			children = (
				7F613D032787F3DE00BCFEE9 /* Shared */,
				7F46B384277D08CC0060C174 /* Home */,
				7F46B381277CF9A30060C174 /* CreateCluster */,
				7F46B38E277E8AA10060C174 /* ViewCluster */,
			);
			path = View;
			sourceTree = "<group>";
		};
		7F46B381277CF9A30060C174 /* CreateCluster */ = {
			isa = PBXGroup;
			children = (
				7F46B382277CF9B40060C174 /* CreateClusterViewModel.swift */,
				7F46B37F277CF9610060C174 /* CreateClusterView.swift */,
			);
			path = CreateCluster;
			sourceTree = "<group>";
		};
		7F46B384277D08CC0060C174 /* Home */ = {
			isa = PBXGroup;
			children = (
				7F46B385277D08E70060C174 /* HomeViewModel.swift */,
				7F46B35A277CF0740060C174 /* ContentView.swift */,
			);
			path = Home;
			sourceTree = "<group>";
		};
		7F46B387277D095D0060C174 /* Utilities */ = {
			isa = PBXGroup;
			children = (
				7F46B39A277F89BD0060C174 /* Managers */,
				7F46B397277F876C0060C174 /* Extensions */,
				7F46B39B277F89D20060C174 /* Constants.swift */,
			);
			path = Utilities;
			sourceTree = "<group>";
		};
		7F46B38E277E8AA10060C174 /* ViewCluster */ = {
			isa = PBXGroup;
			children = (
				7F46B391277E8AFA0060C174 /* ViewClusterViewModel.swift */,
				7F46B38F277E8ACD0060C174 /* ViewClusterView.swift */,
				7F46B395277F85A50060C174 /* BucketPreviewView.swift */,
				7F613D082787F49000BCFEE9 /* NewBucketFormView.swift */,
			);
			path = ViewCluster;
			sourceTree = "<group>";
		};
		7F46B397277F876C0060C174 /* Extensions */ = {
			isa = PBXGroup;
			children = (
				7F46B398277F877D0060C174 /* String+Ext.swift */,
				7F46B39D27867E2A0060C174 /* View+Ext.swift */,
			);
			path = Extensions;
			sourceTree = "<group>";
		};
		7F46B39A277F89BD0060C174 /* Managers */ = {
			isa = PBXGroup;
			children = (
				7F46B38C277D0B460060C174 /* JSONBucketDataManager.swift */,
				7F46B38A277D09D30060C174 /* MockBucketDataManager.swift */,
				7F46B388277D09980060C174 /* BucketDataManager.swift */,
			);
			path = Managers;
			sourceTree = "<group>";
		};
		7F613D032787F3DE00BCFEE9 /* Shared */ = {
			isa = PBXGroup;
			children = (
				7F613D062787F3FF00BCFEE9 /* AddButtonView.swift */,
			);
			path = Shared;
			sourceTree = "<group>";
		};
/* End PBXGroup section */

/* Begin PBXNativeTarget section */
		7F46B35F277CF0760060C174 /* Buckets (iOS) */ = {
			isa = PBXNativeTarget;
			buildConfigurationList = 7F46B371277CF0760060C174 /* Build configuration list for PBXNativeTarget "Buckets (iOS)" */;
			buildPhases = (
				7F46B35C277CF0760060C174 /* Sources */,
				7F46B35D277CF0760060C174 /* Frameworks */,
				7F46B35E277CF0760060C174 /* Resources */,
			);
			buildRules = (
			);
			dependencies = (
			);
			name = "Buckets (iOS)";
			productName = "Buckets (iOS)";
			productReference = 7F46B360277CF0760060C174 /* Buckets.app */;
			productType = "com.apple.product-type.application";
		};
		7F46B365277CF0760060C174 /* Buckets (macOS) */ = {
			isa = PBXNativeTarget;
			buildConfigurationList = 7F46B374277CF0760060C174 /* Build configuration list for PBXNativeTarget "Buckets (macOS)" */;
			buildPhases = (
				7F46B362277CF0760060C174 /* Sources */,
				7F46B363277CF0760060C174 /* Frameworks */,
				7F46B364277CF0760060C174 /* Resources */,
			);
			buildRules = (
			);
			dependencies = (
			);
			name = "Buckets (macOS)";
			productName = "Buckets (macOS)";
			productReference = 7F46B366277CF0760060C174 /* Buckets.app */;
			productType = "com.apple.product-type.application";
		};
/* End PBXNativeTarget section */

/* Begin PBXProject section */
		7F46B354277CF0740060C174 /* Project object */ = {
			isa = PBXProject;
			attributes = {
				BuildIndependentTargetsInParallel = 1;
				LastSwiftUpdateCheck = 1320;
				LastUpgradeCheck = 1320;
				TargetAttributes = {
					7F46B35F277CF0760060C174 = {
						CreatedOnToolsVersion = 13.2.1;
					};
					7F46B365277CF0760060C174 = {
						CreatedOnToolsVersion = 13.2.1;
					};
				};
			};
			buildConfigurationList = 7F46B357277CF0740060C174 /* Build configuration list for PBXProject "Buckets" */;
			compatibilityVersion = "Xcode 13.0";
			developmentRegion = en;
			hasScannedForEncodings = 0;
			knownRegions = (
				en,
				Base,
			);
			mainGroup = 7F46B353277CF0740060C174;
			productRefGroup = 7F46B361277CF0760060C174 /* Products */;
			projectDirPath = "";
			projectRoot = "";
			targets = (
				7F46B35F277CF0760060C174 /* Buckets (iOS) */,
				7F46B365277CF0760060C174 /* Buckets (macOS) */,
			);
		};
/* End PBXProject section */

/* Begin PBXResourcesBuildPhase section */
		7F46B35E277CF0760060C174 /* Resources */ = {
			isa = PBXResourcesBuildPhase;
			buildActionMask = 2147483647;
			files = (
				7F46B36D277CF0760060C174 /* Assets.xcassets in Resources */,
			);
			runOnlyForDeploymentPostprocessing = 0;
		};
		7F46B364277CF0760060C174 /* Resources */ = {
			isa = PBXResourcesBuildPhase;
			buildActionMask = 2147483647;
			files = (
				7F46B36E277CF0760060C174 /* Assets.xcassets in Resources */,
			);
			runOnlyForDeploymentPostprocessing = 0;
		};
/* End PBXResourcesBuildPhase section */

/* Begin PBXSourcesBuildPhase section */
		7F46B35C277CF0760060C174 /* Sources */ = {
			isa = PBXSourcesBuildPhase;
			buildActionMask = 2147483647;
			files = (
				7F46B392277E8AFA0060C174 /* ViewClusterViewModel.swift in Sources */,
				7F46B39C277F89D20060C174 /* Constants.swift in Sources */,
				7F46B39E27867E2A0060C174 /* View+Ext.swift in Sources */,
				7F46B390277E8ACD0060C174 /* ViewClusterView.swift in Sources */,
				7F46B37B277CF69E0060C174 /* Idea.swift in Sources */,
				7F613D092787F49000BCFEE9 /* NewBucketFormView.swift in Sources */,
				7F46B396277F85A50060C174 /* BucketPreviewView.swift in Sources */,
				7F46B379277CF5A60060C174 /* Bucket.swift in Sources */,
				7F46B383277CF9B40060C174 /* CreateClusterViewModel.swift in Sources */,
				7F46B394277E8B7E0060C174 /* MockData.swift in Sources */,
				7F46B38B277D09D30060C174 /* MockBucketDataManager.swift in Sources */,
				7F46B38D277D0B460060C174 /* JSONBucketDataManager.swift in Sources */,
				7F46B386277D08E70060C174 /* HomeViewModel.swift in Sources */,
				7F613D072787F3FF00BCFEE9 /* AddButtonView.swift in Sources */,
				7F46B380277CF9610060C174 /* CreateClusterView.swift in Sources */,
				7F46B389277D09980060C174 /* BucketDataManager.swift in Sources */,
				7F46B36B277CF0760060C174 /* ContentView.swift in Sources */,
				7F46B369277CF0760060C174 /* BucketsApp.swift in Sources */,
				7F46B399277F877D0060C174 /* String+Ext.swift in Sources */,
				7F46B37D277CF7540060C174 /* Cluster.swift in Sources */,
			);
			runOnlyForDeploymentPostprocessing = 0;
		};
		7F46B362277CF0760060C174 /* Sources */ = {
			isa = PBXSourcesBuildPhase;
			buildActionMask = 2147483647;
			files = (
				7F46B36C277CF0760060C174 /* ContentView.swift in Sources */,
				7F46B36A277CF0760060C174 /* BucketsApp.swift in Sources */,
			);
			runOnlyForDeploymentPostprocessing = 0;
		};
/* End PBXSourcesBuildPhase section */

/* Begin XCBuildConfiguration section */
		7F46B36F277CF0760060C174 /* Debug */ = {
			isa = XCBuildConfiguration;
			buildSettings = {
				ALWAYS_SEARCH_USER_PATHS = NO;
				CLANG_ANALYZER_NONNULL = YES;
				CLANG_ANALYZER_NUMBER_OBJECT_CONVERSION = YES_AGGRESSIVE;
				CLANG_CXX_LANGUAGE_STANDARD = "gnu++17";
				CLANG_CXX_LIBRARY = "libc++";
				CLANG_ENABLE_MODULES = YES;
				CLANG_ENABLE_OBJC_ARC = YES;
				CLANG_ENABLE_OBJC_WEAK = YES;
				CLANG_WARN_BLOCK_CAPTURE_AUTORELEASING = YES;
				CLANG_WARN_BOOL_CONVERSION = YES;
				CLANG_WARN_COMMA = YES;
				CLANG_WARN_CONSTANT_CONVERSION = YES;
				CLANG_WARN_DEPRECATED_OBJC_IMPLEMENTATIONS = YES;
				CLANG_WARN_DIRECT_OBJC_ISA_USAGE = YES_ERROR;
				CLANG_WARN_DOCUMENTATION_COMMENTS = YES;
				CLANG_WARN_EMPTY_BODY = YES;
				CLANG_WARN_ENUM_CONVERSION = YES;
				CLANG_WARN_INFINITE_RECURSION = YES;
				CLANG_WARN_INT_CONVERSION = YES;
				CLANG_WARN_NON_LITERAL_NULL_CONVERSION = YES;
				CLANG_WARN_OBJC_IMPLICIT_RETAIN_SELF = YES;
				CLANG_WARN_OBJC_LITERAL_CONVERSION = YES;
				CLANG_WARN_OBJC_ROOT_CLASS = YES_ERROR;
				CLANG_WARN_QUOTED_INCLUDE_IN_FRAMEWORK_HEADER = YES;
				CLANG_WARN_RANGE_LOOP_ANALYSIS = YES;
				CLANG_WARN_STRICT_PROTOTYPES = YES;
				CLANG_WARN_SUSPICIOUS_MOVE = YES;
				CLANG_WARN_UNGUARDED_AVAILABILITY = YES_AGGRESSIVE;
				CLANG_WARN_UNREACHABLE_CODE = YES;
				CLANG_WARN__DUPLICATE_METHOD_MATCH = YES;
				COPY_PHASE_STRIP = NO;
				DEBUG_INFORMATION_FORMAT = dwarf;
				ENABLE_STRICT_OBJC_MSGSEND = YES;
				ENABLE_TESTABILITY = YES;
				GCC_C_LANGUAGE_STANDARD = gnu11;
				GCC_DYNAMIC_NO_PIC = NO;
				GCC_NO_COMMON_BLOCKS = YES;
				GCC_OPTIMIZATION_LEVEL = 0;
				GCC_PREPROCESSOR_DEFINITIONS = (
					"DEBUG=1",
					"$(inherited)",
				);
				GCC_WARN_64_TO_32_BIT_CONVERSION = YES;
				GCC_WARN_ABOUT_RETURN_TYPE = YES_ERROR;
				GCC_WARN_UNDECLARED_SELECTOR = YES;
				GCC_WARN_UNINITIALIZED_AUTOS = YES_AGGRESSIVE;
				GCC_WARN_UNUSED_FUNCTION = YES;
				GCC_WARN_UNUSED_VARIABLE = YES;
				MTL_ENABLE_DEBUG_INFO = INCLUDE_SOURCE;
				MTL_FAST_MATH = YES;
				ONLY_ACTIVE_ARCH = YES;
				SWIFT_ACTIVE_COMPILATION_CONDITIONS = DEBUG;
				SWIFT_OPTIMIZATION_LEVEL = "-Onone";
			};
			name = Debug;
		};
		7F46B370277CF0760060C174 /* Release */ = {
			isa = XCBuildConfiguration;
			buildSettings = {
				ALWAYS_SEARCH_USER_PATHS = NO;
				CLANG_ANALYZER_NONNULL = YES;
				CLANG_ANALYZER_NUMBER_OBJECT_CONVERSION = YES_AGGRESSIVE;
				CLANG_CXX_LANGUAGE_STANDARD = "gnu++17";
				CLANG_CXX_LIBRARY = "libc++";
				CLANG_ENABLE_MODULES = YES;
				CLANG_ENABLE_OBJC_ARC = YES;
				CLANG_ENABLE_OBJC_WEAK = YES;
				CLANG_WARN_BLOCK_CAPTURE_AUTORELEASING = YES;
				CLANG_WARN_BOOL_CONVERSION = YES;
				CLANG_WARN_COMMA = YES;
				CLANG_WARN_CONSTANT_CONVERSION = YES;
				CLANG_WARN_DEPRECATED_OBJC_IMPLEMENTATIONS = YES;
				CLANG_WARN_DIRECT_OBJC_ISA_USAGE = YES_ERROR;
				CLANG_WARN_DOCUMENTATION_COMMENTS = YES;
				CLANG_WARN_EMPTY_BODY = YES;
				CLANG_WARN_ENUM_CONVERSION = YES;
				CLANG_WARN_INFINITE_RECURSION = YES;
				CLANG_WARN_INT_CONVERSION = YES;
				CLANG_WARN_NON_LITERAL_NULL_CONVERSION = YES;
				CLANG_WARN_OBJC_IMPLICIT_RETAIN_SELF = YES;
				CLANG_WARN_OBJC_LITERAL_CONVERSION = YES;
				CLANG_WARN_OBJC_ROOT_CLASS = YES_ERROR;
				CLANG_WARN_QUOTED_INCLUDE_IN_FRAMEWORK_HEADER = YES;
				CLANG_WARN_RANGE_LOOP_ANALYSIS = YES;
				CLANG_WARN_STRICT_PROTOTYPES = YES;
				CLANG_WARN_SUSPICIOUS_MOVE = YES;
				CLANG_WARN_UNGUARDED_AVAILABILITY = YES_AGGRESSIVE;
				CLANG_WARN_UNREACHABLE_CODE = YES;
				CLANG_WARN__DUPLICATE_METHOD_MATCH = YES;
				COPY_PHASE_STRIP = NO;
				DEBUG_INFORMATION_FORMAT = "dwarf-with-dsym";
				ENABLE_NS_ASSERTIONS = NO;
				ENABLE_STRICT_OBJC_MSGSEND = YES;
				GCC_C_LANGUAGE_STANDARD = gnu11;
				GCC_NO_COMMON_BLOCKS = YES;
				GCC_WARN_64_TO_32_BIT_CONVERSION = YES;
				GCC_WARN_ABOUT_RETURN_TYPE = YES_ERROR;
				GCC_WARN_UNDECLARED_SELECTOR = YES;
				GCC_WARN_UNINITIALIZED_AUTOS = YES_AGGRESSIVE;
				GCC_WARN_UNUSED_FUNCTION = YES;
				GCC_WARN_UNUSED_VARIABLE = YES;
				MTL_ENABLE_DEBUG_INFO = NO;
				MTL_FAST_MATH = YES;
				SWIFT_COMPILATION_MODE = wholemodule;
				SWIFT_OPTIMIZATION_LEVEL = "-O";
			};
			name = Release;
		};
		7F46B372277CF0760060C174 /* Debug */ = {
			isa = XCBuildConfiguration;
			buildSettings = {
				ASSETCATALOG_COMPILER_APPICON_NAME = AppIcon;
				ASSETCATALOG_COMPILER_GLOBAL_ACCENT_COLOR_NAME = AccentColor;
				CODE_SIGN_STYLE = Automatic;
				CURRENT_PROJECT_VERSION = 1;
				DEVELOPMENT_TEAM = T24L76PMG9;
				ENABLE_PREVIEWS = YES;
				GENERATE_INFOPLIST_FILE = YES;
				INFOPLIST_KEY_UIApplicationSceneManifest_Generation = YES;
				INFOPLIST_KEY_UIApplicationSupportsIndirectInputEvents = YES;
				INFOPLIST_KEY_UILaunchScreen_Generation = YES;
				INFOPLIST_KEY_UISupportedInterfaceOrientations_iPad = "UIInterfaceOrientationPortrait UIInterfaceOrientationPortraitUpsideDown UIInterfaceOrientationLandscapeLeft UIInterfaceOrientationLandscapeRight";
				INFOPLIST_KEY_UISupportedInterfaceOrientations_iPhone = "UIInterfaceOrientationPortrait UIInterfaceOrientationLandscapeLeft UIInterfaceOrientationLandscapeRight";
				IPHONEOS_DEPLOYMENT_TARGET = 15.2;
				LD_RUNPATH_SEARCH_PATHS = (
					"$(inherited)",
					"@executable_path/Frameworks",
				);
				MARKETING_VERSION = 1.0;
				PRODUCT_BUNDLE_IDENTIFIER = com.comedichoney.Buckets;
				PRODUCT_NAME = Buckets;
				SDKROOT = iphoneos;
				SWIFT_EMIT_LOC_STRINGS = YES;
				SWIFT_VERSION = 5.0;
				TARGETED_DEVICE_FAMILY = "1,2";
			};
			name = Debug;
		};
		7F46B373277CF0760060C174 /* Release */ = {
			isa = XCBuildConfiguration;
			buildSettings = {
				ASSETCATALOG_COMPILER_APPICON_NAME = AppIcon;
				ASSETCATALOG_COMPILER_GLOBAL_ACCENT_COLOR_NAME = AccentColor;
				CODE_SIGN_STYLE = Automatic;
				CURRENT_PROJECT_VERSION = 1;
				DEVELOPMENT_TEAM = T24L76PMG9;
				ENABLE_PREVIEWS = YES;
				GENERATE_INFOPLIST_FILE = YES;
				INFOPLIST_KEY_UIApplicationSceneManifest_Generation = YES;
				INFOPLIST_KEY_UIApplicationSupportsIndirectInputEvents = YES;
				INFOPLIST_KEY_UILaunchScreen_Generation = YES;
				INFOPLIST_KEY_UISupportedInterfaceOrientations_iPad = "UIInterfaceOrientationPortrait UIInterfaceOrientationPortraitUpsideDown UIInterfaceOrientationLandscapeLeft UIInterfaceOrientationLandscapeRight";
				INFOPLIST_KEY_UISupportedInterfaceOrientations_iPhone = "UIInterfaceOrientationPortrait UIInterfaceOrientationLandscapeLeft UIInterfaceOrientationLandscapeRight";
				IPHONEOS_DEPLOYMENT_TARGET = 15.2;
				LD_RUNPATH_SEARCH_PATHS = (
					"$(inherited)",
					"@executable_path/Frameworks",
				);
				MARKETING_VERSION = 1.0;
				PRODUCT_BUNDLE_IDENTIFIER = com.comedichoney.Buckets;
				PRODUCT_NAME = Buckets;
				SDKROOT = iphoneos;
				SWIFT_EMIT_LOC_STRINGS = YES;
				SWIFT_VERSION = 5.0;
				TARGETED_DEVICE_FAMILY = "1,2";
				VALIDATE_PRODUCT = YES;
			};
			name = Release;
		};
		7F46B375277CF0760060C174 /* Debug */ = {
			isa = XCBuildConfiguration;
			buildSettings = {
				ASSETCATALOG_COMPILER_APPICON_NAME = AppIcon;
				ASSETCATALOG_COMPILER_GLOBAL_ACCENT_COLOR_NAME = AccentColor;
				CODE_SIGN_ENTITLEMENTS = macOS/macOS.entitlements;
				CODE_SIGN_STYLE = Automatic;
				COMBINE_HIDPI_IMAGES = YES;
				CURRENT_PROJECT_VERSION = 1;
				DEVELOPMENT_TEAM = T24L76PMG9;
				ENABLE_HARDENED_RUNTIME = YES;
				ENABLE_PREVIEWS = YES;
				GENERATE_INFOPLIST_FILE = YES;
				INFOPLIST_KEY_NSHumanReadableCopyright = "";
				LD_RUNPATH_SEARCH_PATHS = (
					"$(inherited)",
					"@executable_path/../Frameworks",
				);
				MACOSX_DEPLOYMENT_TARGET = 11.6;
				MARKETING_VERSION = 1.0;
				PRODUCT_BUNDLE_IDENTIFIER = com.comedichoney.Buckets;
				PRODUCT_NAME = Buckets;
				SDKROOT = macosx;
				SWIFT_EMIT_LOC_STRINGS = YES;
				SWIFT_VERSION = 5.0;
			};
			name = Debug;
		};
		7F46B376277CF0760060C174 /* Release */ = {
			isa = XCBuildConfiguration;
			buildSettings = {
				ASSETCATALOG_COMPILER_APPICON_NAME = AppIcon;
				ASSETCATALOG_COMPILER_GLOBAL_ACCENT_COLOR_NAME = AccentColor;
				CODE_SIGN_ENTITLEMENTS = macOS/macOS.entitlements;
				CODE_SIGN_STYLE = Automatic;
				COMBINE_HIDPI_IMAGES = YES;
				CURRENT_PROJECT_VERSION = 1;
				DEVELOPMENT_TEAM = T24L76PMG9;
				ENABLE_HARDENED_RUNTIME = YES;
				ENABLE_PREVIEWS = YES;
				GENERATE_INFOPLIST_FILE = YES;
				INFOPLIST_KEY_NSHumanReadableCopyright = "";
				LD_RUNPATH_SEARCH_PATHS = (
					"$(inherited)",
					"@executable_path/../Frameworks",
				);
				MACOSX_DEPLOYMENT_TARGET = 11.6;
				MARKETING_VERSION = 1.0;
				PRODUCT_BUNDLE_IDENTIFIER = com.comedichoney.Buckets;
				PRODUCT_NAME = Buckets;
				SDKROOT = macosx;
				SWIFT_EMIT_LOC_STRINGS = YES;
				SWIFT_VERSION = 5.0;
			};
			name = Release;
		};
/* End XCBuildConfiguration section */

/* Begin XCConfigurationList section */
		7F46B357277CF0740060C174 /* Build configuration list for PBXProject "Buckets" */ = {
			isa = XCConfigurationList;
			buildConfigurations = (
				7F46B36F277CF0760060C174 /* Debug */,
				7F46B370277CF0760060C174 /* Release */,
			);
			defaultConfigurationIsVisible = 0;
			defaultConfigurationName = Release;
		};
		7F46B371277CF0760060C174 /* Build configuration list for PBXNativeTarget "Buckets (iOS)" */ = {
			isa = XCConfigurationList;
			buildConfigurations = (
				7F46B372277CF0760060C174 /* Debug */,
				7F46B373277CF0760060C174 /* Release */,
			);
			defaultConfigurationIsVisible = 0;
			defaultConfigurationName = Release;
		};
		7F46B374277CF0760060C174 /* Build configuration list for PBXNativeTarget "Buckets (macOS)" */ = {
			isa = XCConfigurationList;
			buildConfigurations = (
				7F46B375277CF0760060C174 /* Debug */,
				7F46B376277CF0760060C174 /* Release */,
			);
			defaultConfigurationIsVisible = 0;
			defaultConfigurationName = Release;
		};
/* End XCConfigurationList section */
	};
	rootObject = 7F46B354277CF0740060C174 /* Project object */;
}
